
Microsoft Visual Studio Solution File, Format Version 12.00
# Visual Studio 15
VisualStudioVersion = 15.0.28010.2041
MinimumVisualStudioVersion = 10.0.40219.1
Project("{FAE04EC0-301F-11D3-BF4B-00C04F79EFBC}") = "OOP1", "OOP1\OOP1.csproj", "{E6C3C064-2E1C-420C-8385-6F0DCA480281}"
EndProject
Project("{FAE04EC0-301F-11D3-BF4B-00C04F79EFBC}") = "SimpleClasses", "SimpleClasses\SimpleClasses.csproj", "{665C2B15-0B7E-46E1-B900-CDC4747B4D5B}"
EndProject
Project("{FAE04EC0-301F-11D3-BF4B-00C04F79EFBC}") = "Airplane", "Airplane\Airplane.csproj", "{25965047-FA2A-4601-AF16-1AF9FCE85A2F}"
EndProject
Project("{FAE04EC0-301F-11D3-BF4B-00C04F79EFBC}") = "OperatorOverloadingDemo", "OperatorOverloadingDemo\OperatorOverloadingDemo.csproj", "{1B501396-001B-49C3-90E6-96A0A883311E}"
EndProject
Project("{FAE04EC0-301F-11D3-BF4B-00C04F79EFBC}") = "MathLib", "MathLib\MathLib.csproj", "{83ED4034-23C4-4A4B-A286-F9BDBF8AF58F}"
EndProject
Project("{FAE04EC0-301F-11D3-BF4B-00C04F79EFBC}") = "OOP1.Tests", "OOP1.Tests\OOP1.Tests.csproj", "{C85A173F-143D-4925-93E4-B812C5E3C0D5}"
EndProject
Global
	GlobalSection(SolutionConfigurationPlatforms) = preSolution
		Debug|Any CPU = Debug|Any CPU
		Debug|x64 = Debug|x64
		Debug|x86 = Debug|x86
		Release|Any CPU = Release|Any CPU
		Release|x64 = Release|x64
		Release|x86 = Release|x86
	EndGlobalSection
	GlobalSection(ProjectConfigurationPlatforms) = postSolution
		{E6C3C064-2E1C-420C-8385-6F0DCA480281}.Debug|Any CPU.ActiveCfg = Debug|Any CPU
		{E6C3C064-2E1C-420C-8385-6F0DCA480281}.Debug|Any CPU.Build.0 = Debug|Any CPU
		{E6C3C064-2E1C-420C-8385-6F0DCA480281}.Debug|x64.ActiveCfg = Debug|Any CPU
		{E6C3C064-2E1C-420C-8385-6F0DCA480281}.Debug|x64.Build.0 = Debug|Any CPU
		{E6C3C064-2E1C-420C-8385-6F0DCA480281}.Debug|x86.ActiveCfg = Debug|Any CPU
		{E6C3C064-2E1C-420C-8385-6F0DCA480281}.Debug|x86.Build.0 = Debug|Any CPU
		{E6C3C064-2E1C-420C-8385-6F0DCA480281}.Release|Any CPU.ActiveCfg = Release|Any CPU
		{E6C3C064-2E1C-420C-8385-6F0DCA480281}.Release|Any CPU.Build.0 = Release|Any CPU
		{E6C3C064-2E1C-420C-8385-6F0DCA480281}.Release|x64.ActiveCfg = Release|Any CPU
		{E6C3C064-2E1C-420C-8385-6F0DCA480281}.Release|x64.Build.0 = Release|Any CPU
		{E6C3C064-2E1C-420C-8385-6F0DCA480281}.Release|x86.ActiveCfg = Release|Any CPU
		{E6C3C064-2E1C-420C-8385-6F0DCA480281}.Release|x86.Build.0 = Release|Any CPU
		{665C2B15-0B7E-46E1-B900-CDC4747B4D5B}.Debug|Any CPU.ActiveCfg = Debug|Any CPU
		{665C2B15-0B7E-46E1-B900-CDC4747B4D5B}.Debug|Any CPU.Build.0 = Debug|Any CPU
		{665C2B15-0B7E-46E1-B900-CDC4747B4D5B}.Debug|x64.ActiveCfg = Debug|Any CPU
		{665C2B15-0B7E-46E1-B900-CDC4747B4D5B}.Debug|x64.Build.0 = Debug|Any CPU
		{665C2B15-0B7E-46E1-B900-CDC4747B4D5B}.Debug|x86.ActiveCfg = Debug|Any CPU
		{665C2B15-0B7E-46E1-B900-CDC4747B4D5B}.Debug|x86.Build.0 = Debug|Any CPU
		{665C2B15-0B7E-46E1-B900-CDC4747B4D5B}.Release|Any CPU.ActiveCfg = Release|Any CPU
		{665C2B15-0B7E-46E1-B900-CDC4747B4D5B}.Release|Any CPU.Build.0 = Release|Any CPU
		{665C2B15-0B7E-46E1-B900-CDC4747B4D5B}.Release|x64.ActiveCfg = Release|Any CPU
		{665C2B15-0B7E-46E1-B900-CDC4747B4D5B}.Release|x64.Build.0 = Release|Any CPU
		{665C2B15-0B7E-46E1-B900-CDC4747B4D5B}.Release|x86.ActiveCfg = Release|Any CPU
		{665C2B15-0B7E-46E1-B900-CDC4747B4D5B}.Release|x86.Build.0 = Release|Any CPU
		{25965047-FA2A-4601-AF16-1AF9FCE85A2F}.Debug|Any CPU.ActiveCfg = Debug|Any CPU
		{25965047-FA2A-4601-AF16-1AF9FCE85A2F}.Debug|Any CPU.Build.0 = Debug|Any CPU
		{25965047-FA2A-4601-AF16-1AF9FCE85A2F}.Debug|x64.ActiveCfg = Debug|Any CPU
		{25965047-FA2A-4601-AF16-1AF9FCE85A2F}.Debug|x64.Build.0 = Debug|Any CPU
		{25965047-FA2A-4601-AF16-1AF9FCE85A2F}.Debug|x86.ActiveCfg = Debug|Any CPU
		{25965047-FA2A-4601-AF16-1AF9FCE85A2F}.Debug|x86.Build.0 = Debug|Any CPU
		{25965047-FA2A-4601-AF16-1AF9FCE85A2F}.Release|Any CPU.ActiveCfg = Release|Any CPU
		{25965047-FA2A-4601-AF16-1AF9FCE85A2F}.Release|Any CPU.Build.0 = Release|Any CPU
		{25965047-FA2A-4601-AF16-1AF9FCE85A2F}.Release|x64.ActiveCfg = Release|Any CPU
		{25965047-FA2A-4601-AF16-1AF9FCE85A2F}.Release|x64.Build.0 = Release|Any CPU
		{25965047-FA2A-4601-AF16-1AF9FCE85A2F}.Release|x86.ActiveCfg = Release|Any CPU
		{25965047-FA2A-4601-AF16-1AF9FCE85A2F}.Release|x86.Build.0 = Release|Any CPU
		{1B501396-001B-49C3-90E6-96A0A883311E}.Debug|Any CPU.ActiveCfg = Debug|Any CPU
		{1B501396-001B-49C3-90E6-96A0A883311E}.Debug|Any CPU.Build.0 = Debug|Any CPU
		{1B501396-001B-49C3-90E6-96A0A883311E}.Debug|x64.ActiveCfg = Debug|Any CPU
		{1B501396-001B-49C3-90E6-96A0A883311E}.Debug|x64.Build.0 = Debug|Any CPU
		{1B501396-001B-49C3-90E6-96A0A883311E}.Debug|x86.ActiveCfg = Debug|Any CPU
		{1B501396-001B-49C3-90E6-96A0A883311E}.Debug|x86.Build.0 = Debug|Any CPU
		{1B501396-001B-49C3-90E6-96A0A883311E}.Release|Any CPU.ActiveCfg = Release|Any CPU
		{1B501396-001B-49C3-90E6-96A0A883311E}.Release|Any CPU.Build.0 = Release|Any CPU
		{1B501396-001B-49C3-90E6-96A0A883311E}.Release|x64.ActiveCfg = Release|Any CPU
		{1B501396-001B-49C3-90E6-96A0A883311E}.Release|x64.Build.0 = Release|Any CPU
		{1B501396-001B-49C3-90E6-96A0A883311E}.Release|x86.ActiveCfg = Release|Any CPU
		{1B501396-001B-49C3-90E6-96A0A883311E}.Release|x86.Build.0 = Release|Any CPU
		{83ED4034-23C4-4A4B-A286-F9BDBF8AF58F}.Debug|Any CPU.ActiveCfg = Debug|Any CPU
		{83ED4034-23C4-4A4B-A286-F9BDBF8AF58F}.Debug|Any CPU.Build.0 = Debug|Any CPU
		{83ED4034-23C4-4A4B-A286-F9BDBF8AF58F}.Debug|x64.ActiveCfg = Debug|Any CPU
		{83ED4034-23C4-4A4B-A286-F9BDBF8AF58F}.Debug|x64.Build.0 = Debug|Any CPU
		{83ED4034-23C4-4A4B-A286-F9BDBF8AF58F}.Debug|x86.ActiveCfg = Debug|Any CPU
		{83ED4034-23C4-4A4B-A286-F9BDBF8AF58F}.Debug|x86.Build.0 = Debug|Any CPU
		{83ED4034-23C4-4A4B-A286-F9BDBF8AF58F}.Release|Any CPU.ActiveCfg = Release|Any CPU
		{83ED4034-23C4-4A4B-A286-F9BDBF8AF58F}.Release|Any CPU.Build.0 = Release|Any CPU
		{83ED4034-23C4-4A4B-A286-F9BDBF8AF58F}.Release|x64.ActiveCfg = Release|Any CPU
		{83ED4034-23C4-4A4B-A286-F9BDBF8AF58F}.Release|x64.Build.0 = Release|Any CPU
		{83ED4034-23C4-4A4B-A286-F9BDBF8AF58F}.Release|x86.ActiveCfg = Release|Any CPU
		{83ED4034-23C4-4A4B-A286-F9BDBF8AF58F}.Release|x86.Build.0 = Release|Any CPU
		{C85A173F-143D-4925-93E4-B812C5E3C0D5}.Debug|Any CPU.ActiveCfg = Debug|Any CPU
		{C85A173F-143D-4925-93E4-B812C5E3C0D5}.Debug|Any CPU.Build.0 = Debug|Any CPU
		{C85A173F-143D-4925-93E4-B812C5E3C0D5}.Debug|x64.ActiveCfg = Debug|Any CPU
		{C85A173F-143D-4925-93E4-B812C5E3C0D5}.Debug|x64.Build.0 = Debug|Any CPU
		{C85A173F-143D-4925-93E4-B812C5E3C0D5}.Debug|x86.ActiveCfg = Debug|Any CPU
		{C85A173F-143D-4925-93E4-B812C5E3C0D5}.Debug|x86.Build.0 = Debug|Any CPU
		{C85A173F-143D-4925-93E4-B812C5E3C0D5}.Release|Any CPU.ActiveCfg = Release|Any CPU
		{C85A173F-143D-4925-93E4-B812C5E3C0D5}.Release|Any CPU.Build.0 = Release|Any CPU
		{C85A173F-143D-4925-93E4-B812C5E3C0D5}.Release|x64.ActiveCfg = Release|Any CPU
		{C85A173F-143D-4925-93E4-B812C5E3C0D5}.Release|x64.Build.0 = Release|Any CPU
		{C85A173F-143D-4925-93E4-B812C5E3C0D5}.Release|x86.ActiveCfg = Release|Any CPU
		{C85A173F-143D-4925-93E4-B812C5E3C0D5}.Release|x86.Build.0 = Release|Any CPU
	EndGlobalSection
	GlobalSection(SolutionProperties) = preSolution
		HideSolutionNode = FALSE
	EndGlobalSection
	GlobalSection(ExtensibilityGlobals) = postSolution
		SolutionGuid = {F0C89FD5-0388-416C-AAF4-A04A17B7B1E8}
	EndGlobalSection
EndGlobal
